
Microsoft Visual Studio Solution File, Format Version 15.00
# Visual Studio 2017
Project("{FAE04EC0-301F-11D3-BF4B-00C04F79EFBC}") = "Knowlead.BLL", "Knowlead.BLL.csproj", "{436E37D4-3D0B-455F-9C25-F8DBD2DCFB6C}"
EndProject
Global
	GlobalSection(SolutionConfigurationPlatforms) = preSolution
		Debug|Any CPU = Debug|Any CPU
		Release|Any CPU = Release|Any CPU
	EndGlobalSection
	GlobalSection(ProjectConfigurationPlatforms) = postSolution
		{436E37D4-3D0B-455F-9C25-F8DBD2DCFB6C}.Debug|Any CPU.ActiveCfg = Debug|Any CPU
		{436E37D4-3D0B-455F-9C25-F8DBD2DCFB6C}.Debug|Any CPU.Build.0 = Debug|Any CPU
		{436E37D4-3D0B-455F-9C25-F8DBD2DCFB6C}.Release|Any CPU.ActiveCfg = Release|Any CPU
		{436E37D4-3D0B-455F-9C25-F8DBD2DCFB6C}.Release|Any CPU.Build.0 = Release|Any CPU
	EndGlobalSection
EndGlobal
